
Microsoft Visual Studio Solution File, Format Version 12.00
# Visual Studio Version 16
VisualStudioVersion = 16.0.31624.102
MinimumVisualStudioVersion = 10.0.40219.1
Project("{FAE04EC0-301F-11D3-BF4B-00C04F79EFBC}") = "Abstractexapmple", "Abstractexapmple.csproj", "{0521C4CA-4CEE-458F-9561-DEC8EED26B9F}"
EndProject
Global
	GlobalSection(SolutionConfigurationPlatforms) = preSolution
		Debug|Any CPU = Debug|Any CPU
		Release|Any CPU = Release|Any CPU
	EndGlobalSection
	GlobalSection(ProjectConfigurationPlatforms) = postSolution
		{0521C4CA-4CEE-458F-9561-DEC8EED26B9F}.Debug|Any CPU.ActiveCfg = Debug|Any CPU
		{0521C4CA-4CEE-458F-9561-DEC8EED26B9F}.Debug|Any CPU.Build.0 = Debug|Any CPU
		{0521C4CA-4CEE-458F-9561-DEC8EED26B9F}.Release|Any CPU.ActiveCfg = Release|Any CPU
		{0521C4CA-4CEE-458F-9561-DEC8EED26B9F}.Release|Any CPU.Build.0 = Release|Any CPU
	EndGlobalSection
	GlobalSection(SolutionProperties) = preSolution
		HideSolutionNode = FALSE
	EndGlobalSection
	GlobalSection(ExtensibilityGlobals) = postSolution
		SolutionGuid = {1BA98663-EA1C-41B6-83B3-3CCC993CC311}
	EndGlobalSection
EndGlobal
